// !$*UTF8*$!
{
	archiveVersion = 1;
	classes = {
	};
	objectVersion = 55;
	objects = {

/* Begin PBXBuildFile section */
		F67425CE27FB0E0700238A51 /* LocalApiService.swift in Sources */ = {isa = PBXBuildFile; fileRef = F67425CD27FB0E0700238A51 /* LocalApiService.swift */; };
		F6C33B8827F8F2C000C010EB /* TaskDemoFirebaseApp.swift in Sources */ = {isa = PBXBuildFile; fileRef = F6C33B8727F8F2C000C010EB /* TaskDemoFirebaseApp.swift */; };
		F6C33B8A27F8F2C000C010EB /* ContentView.swift in Sources */ = {isa = PBXBuildFile; fileRef = F6C33B8927F8F2C000C010EB /* ContentView.swift */; };
		F6C33B8C27F8F2C200C010EB /* Assets.xcassets in Resources */ = {isa = PBXBuildFile; fileRef = F6C33B8B27F8F2C200C010EB /* Assets.xcassets */; };
		F6C33B8F27F8F2C200C010EB /* Preview Assets.xcassets in Resources */ = {isa = PBXBuildFile; fileRef = F6C33B8E27F8F2C200C010EB /* Preview Assets.xcassets */; };
		F6C33B9727F8F48600C010EB /* Color+Ext.swift in Sources */ = {isa = PBXBuildFile; fileRef = F6C33B9627F8F48600C010EB /* Color+Ext.swift */; };
		F6C33B9927F8F55300C010EB /* View+Ext.swift in Sources */ = {isa = PBXBuildFile; fileRef = F6C33B9827F8F55300C010EB /* View+Ext.swift */; };
		F6C33B9C27F8F61100C010EB /* TaskListView.swift in Sources */ = {isa = PBXBuildFile; fileRef = F6C33B9B27F8F61100C010EB /* TaskListView.swift */; };
		F6C33B9E27F8F6FC00C010EB /* TaskCellView.swift in Sources */ = {isa = PBXBuildFile; fileRef = F6C33B9D27F8F6FC00C010EB /* TaskCellView.swift */; };
		F6C33BA127F8FB9D00C010EB /* Task.swift in Sources */ = {isa = PBXBuildFile; fileRef = F6C33BA027F8FB9D00C010EB /* Task.swift */; };
		F6C33BA327F9D86700C010EB /* TaskListViewModel.swift in Sources */ = {isa = PBXBuildFile; fileRef = F6C33BA227F9D86700C010EB /* TaskListViewModel.swift */; };
		F6C33BA527F9D8AA00C010EB /* TaskCellViewModel.swift in Sources */ = {isa = PBXBuildFile; fileRef = F6C33BA427F9D8AA00C010EB /* TaskCellViewModel.swift */; };
		F6C33BA727F9F99600C010EB /* InputError.swift in Sources */ = {isa = PBXBuildFile; fileRef = F6C33BA627F9F99600C010EB /* InputError.swift */; };
		F6C33BA927FA0C5800C010EB /* taskData.json in Resources */ = {isa = PBXBuildFile; fileRef = F6C33BA827FA0C5800C010EB /* taskData.json */; };
/* End PBXBuildFile section */

/* Begin PBXFileReference section */
		F67425CD27FB0E0700238A51 /* LocalApiService.swift */ = {isa = PBXFileReference; lastKnownFileType = sourcecode.swift; path = LocalApiService.swift; sourceTree = "<group>"; };
		F6C33B8427F8F2C000C010EB /* TaskDemoFirebase.app */ = {isa = PBXFileReference; explicitFileType = wrapper.application; includeInIndex = 0; path = TaskDemoFirebase.app; sourceTree = BUILT_PRODUCTS_DIR; };
		F6C33B8727F8F2C000C010EB /* TaskDemoFirebaseApp.swift */ = {isa = PBXFileReference; lastKnownFileType = sourcecode.swift; path = TaskDemoFirebaseApp.swift; sourceTree = "<group>"; };
		F6C33B8927F8F2C000C010EB /* ContentView.swift */ = {isa = PBXFileReference; lastKnownFileType = sourcecode.swift; path = ContentView.swift; sourceTree = "<group>"; };
		F6C33B8B27F8F2C200C010EB /* Assets.xcassets */ = {isa = PBXFileReference; lastKnownFileType = folder.assetcatalog; path = Assets.xcassets; sourceTree = "<group>"; };
		F6C33B8E27F8F2C200C010EB /* Preview Assets.xcassets */ = {isa = PBXFileReference; lastKnownFileType = folder.assetcatalog; path = "Preview Assets.xcassets"; sourceTree = "<group>"; };
		F6C33B9627F8F48600C010EB /* Color+Ext.swift */ = {isa = PBXFileReference; lastKnownFileType = sourcecode.swift; path = "Color+Ext.swift"; sourceTree = "<group>"; };
		F6C33B9827F8F55300C010EB /* View+Ext.swift */ = {isa = PBXFileReference; lastKnownFileType = sourcecode.swift; path = "View+Ext.swift"; sourceTree = "<group>"; };
		F6C33B9B27F8F61100C010EB /* TaskListView.swift */ = {isa = PBXFileReference; lastKnownFileType = sourcecode.swift; path = TaskListView.swift; sourceTree = "<group>"; };
		F6C33B9D27F8F6FC00C010EB /* TaskCellView.swift */ = {isa = PBXFileReference; lastKnownFileType = sourcecode.swift; path = TaskCellView.swift; sourceTree = "<group>"; };
		F6C33BA027F8FB9D00C010EB /* Task.swift */ = {isa = PBXFileReference; lastKnownFileType = sourcecode.swift; path = Task.swift; sourceTree = "<group>"; };
		F6C33BA227F9D86700C010EB /* TaskListViewModel.swift */ = {isa = PBXFileReference; lastKnownFileType = sourcecode.swift; path = TaskListViewModel.swift; sourceTree = "<group>"; };
		F6C33BA427F9D8AA00C010EB /* TaskCellViewModel.swift */ = {isa = PBXFileReference; lastKnownFileType = sourcecode.swift; path = TaskCellViewModel.swift; sourceTree = "<group>"; };
		F6C33BA627F9F99600C010EB /* InputError.swift */ = {isa = PBXFileReference; lastKnownFileType = sourcecode.swift; path = InputError.swift; sourceTree = "<group>"; };
		F6C33BA827FA0C5800C010EB /* taskData.json */ = {isa = PBXFileReference; fileEncoding = 4; lastKnownFileType = text.json; path = taskData.json; sourceTree = "<group>"; };
/* End PBXFileReference section */

/* Begin PBXFrameworksBuildPhase section */
		F6C33B8127F8F2C000C010EB /* Frameworks */ = {
			isa = PBXFrameworksBuildPhase;
			buildActionMask = 2147483647;
			files = (
			);
			runOnlyForDeploymentPostprocessing = 0;
		};
/* End PBXFrameworksBuildPhase section */

/* Begin PBXGroup section */
		F67425CB27FB0DD500238A51 /* Managers */ = {
			isa = PBXGroup;
			children = (
				F67425CD27FB0E0700238A51 /* LocalApiService.swift */,
			);
			path = Managers;
			sourceTree = "<group>";
		};
		F6C33B7B27F8F2C000C010EB = {
			isa = PBXGroup;
			children = (
				F6C33BA827FA0C5800C010EB /* taskData.json */,
				F6C33B8627F8F2C000C010EB /* TaskDemoFirebase */,
				F6C33B8527F8F2C000C010EB /* Products */,
			);
			sourceTree = "<group>";
		};
		F6C33B8527F8F2C000C010EB /* Products */ = {
			isa = PBXGroup;
			children = (
				F6C33B8427F8F2C000C010EB /* TaskDemoFirebase.app */,
			);
			name = Products;
			sourceTree = "<group>";
		};
		F6C33B8627F8F2C000C010EB /* TaskDemoFirebase */ = {
			isa = PBXGroup;
			children = (
				F67425CB27FB0DD500238A51 /* Managers */,
				F6C33B9F27F8FB8200C010EB /* Model */,
				F6C33B9A27F8F5C200C010EB /* Screens */,
				F6C33B9527F8F46D00C010EB /* Extensions */,
				F6C33B8727F8F2C000C010EB /* TaskDemoFirebaseApp.swift */,
				F6C33B8927F8F2C000C010EB /* ContentView.swift */,
				F6C33B8B27F8F2C200C010EB /* Assets.xcassets */,
				F6C33B8D27F8F2C200C010EB /* Preview Content */,
			);
			path = TaskDemoFirebase;
			sourceTree = "<group>";
		};
		F6C33B8D27F8F2C200C010EB /* Preview Content */ = {
			isa = PBXGroup;
			children = (
				F6C33B8E27F8F2C200C010EB /* Preview Assets.xcassets */,
			);
			path = "Preview Content";
			sourceTree = "<group>";
		};
		F6C33B9527F8F46D00C010EB /* Extensions */ = {
			isa = PBXGroup;
			children = (
				F6C33B9627F8F48600C010EB /* Color+Ext.swift */,
				F6C33B9827F8F55300C010EB /* View+Ext.swift */,
			);
			path = Extensions;
			sourceTree = "<group>";
		};
		F6C33B9A27F8F5C200C010EB /* Screens */ = {
			isa = PBXGroup;
			children = (
				F6C33B9B27F8F61100C010EB /* TaskListView.swift */,
				F6C33B9D27F8F6FC00C010EB /* TaskCellView.swift */,
				F6C33BA227F9D86700C010EB /* TaskListViewModel.swift */,
				F6C33BA427F9D8AA00C010EB /* TaskCellViewModel.swift */,
			);
			path = Screens;
			sourceTree = "<group>";
		};
		F6C33B9F27F8FB8200C010EB /* Model */ = {
			isa = PBXGroup;
			children = (
				F6C33BA027F8FB9D00C010EB /* Task.swift */,
				F6C33BA627F9F99600C010EB /* InputError.swift */,
			);
			path = Model;
			sourceTree = "<group>";
		};
/* End PBXGroup section */

/* Begin PBXNativeTarget section */
		F6C33B8327F8F2C000C010EB /* TaskDemoFirebase */ = {
			isa = PBXNativeTarget;
			buildConfigurationList = F6C33B9227F8F2C200C010EB /* Build configuration list for PBXNativeTarget "TaskDemoFirebase" */;
			buildPhases = (
				F6C33B8027F8F2C000C010EB /* Sources */,
				F6C33B8127F8F2C000C010EB /* Frameworks */,
				F6C33B8227F8F2C000C010EB /* Resources */,
			);
			buildRules = (
			);
			dependencies = (
			);
			name = TaskDemoFirebase;
			productName = TaskDemoFirebase;
			productReference = F6C33B8427F8F2C000C010EB /* TaskDemoFirebase.app */;
			productType = "com.apple.product-type.application";
		};
/* End PBXNativeTarget section */

/* Begin PBXProject section */
		F6C33B7C27F8F2C000C010EB /* Project object */ = {
			isa = PBXProject;
			attributes = {
				BuildIndependentTargetsInParallel = 1;
				LastSwiftUpdateCheck = 1330;
				LastUpgradeCheck = 1330;
				TargetAttributes = {
					F6C33B8327F8F2C000C010EB = {
						CreatedOnToolsVersion = 13.3;
					};
				};
			};
			buildConfigurationList = F6C33B7F27F8F2C000C010EB /* Build configuration list for PBXProject "TaskDemoFirebase" */;
			compatibilityVersion = "Xcode 13.0";
			developmentRegion = en;
			hasScannedForEncodings = 0;
			knownRegions = (
				en,
				Base,
			);
			mainGroup = F6C33B7B27F8F2C000C010EB;
			productRefGroup = F6C33B8527F8F2C000C010EB /* Products */;
			projectDirPath = "";
			projectRoot = "";
			targets = (
				F6C33B8327F8F2C000C010EB /* TaskDemoFirebase */,
			);
		};
/* End PBXProject section */

/* Begin PBXResourcesBuildPhase section */
		F6C33B8227F8F2C000C010EB /* Resources */ = {
			isa = PBXResourcesBuildPhase;
			buildActionMask = 2147483647;
			files = (
				F6C33B8F27F8F2C200C010EB /* Preview Assets.xcassets in Resources */,
				F6C33BA927FA0C5800C010EB /* taskData.json in Resources */,
				F6C33B8C27F8F2C200C010EB /* Assets.xcassets in Resources */,
			);
			runOnlyForDeploymentPostprocessing = 0;
		};
/* End PBXResourcesBuildPhase section */

/* Begin PBXSourcesBuildPhase section */
		F6C33B8027F8F2C000C010EB /* Sources */ = {
			isa = PBXSourcesBuildPhase;
			buildActionMask = 2147483647;
			files = (
				F6C33B9927F8F55300C010EB /* View+Ext.swift in Sources */,
				F6C33B8A27F8F2C000C010EB /* ContentView.swift in Sources */,
				F6C33B9C27F8F61100C010EB /* TaskListView.swift in Sources */,
				F6C33BA727F9F99600C010EB /* InputError.swift in Sources */,
				F6C33B8827F8F2C000C010EB /* TaskDemoFirebaseApp.swift in Sources */,
				F67425CE27FB0E0700238A51 /* LocalApiService.swift in Sources */,
				F6C33B9727F8F48600C010EB /* Color+Ext.swift in Sources */,
				F6C33BA327F9D86700C010EB /* TaskListViewModel.swift in Sources */,
				F6C33BA527F9D8AA00C010EB /* TaskCellViewModel.swift in Sources */,
				F6C33BA127F8FB9D00C010EB /* Task.swift in Sources */,
				F6C33B9E27F8F6FC00C010EB /* TaskCellView.swift in Sources */,
			);
			runOnlyForDeploymentPostprocessing = 0;
		};
/* End PBXSourcesBuildPhase section */

/* Begin XCBuildConfiguration section */
		F6C33B9027F8F2C200C010EB /* Debug */ = {
			isa = XCBuildConfiguration;
			buildSettings = {
				ALWAYS_SEARCH_USER_PATHS = NO;
				CLANG_ANALYZER_NONNULL = YES;
				CLANG_ANALYZER_NUMBER_OBJECT_CONVERSION = YES_AGGRESSIVE;
				CLANG_CXX_LANGUAGE_STANDARD = "gnu++17";
				CLANG_ENABLE_MODULES = YES;
				CLANG_ENABLE_OBJC_ARC = YES;
				CLANG_ENABLE_OBJC_WEAK = YES;
				CLANG_WARN_BLOCK_CAPTURE_AUTORELEASING = YES;
				CLANG_WARN_BOOL_CONVERSION = YES;
				CLANG_WARN_COMMA = YES;
				CLANG_WARN_CONSTANT_CONVERSION = YES;
				CLANG_WARN_DEPRECATED_OBJC_IMPLEMENTATIONS = YES;
				CLANG_WARN_DIRECT_OBJC_ISA_USAGE = YES_ERROR;
				CLANG_WARN_DOCUMENTATION_COMMENTS = YES;
				CLANG_WARN_EMPTY_BODY = YES;
				CLANG_WARN_ENUM_CONVERSION = YES;
				CLANG_WARN_INFINITE_RECURSION = YES;
				CLANG_WARN_INT_CONVERSION = YES;
				CLANG_WARN_NON_LITERAL_NULL_CONVERSION = YES;
				CLANG_WARN_OBJC_IMPLICIT_RETAIN_SELF = YES;
				CLANG_WARN_OBJC_LITERAL_CONVERSION = YES;
				CLANG_WARN_OBJC_ROOT_CLASS = YES_ERROR;
				CLANG_WARN_QUOTED_INCLUDE_IN_FRAMEWORK_HEADER = YES;
				CLANG_WARN_RANGE_LOOP_ANALYSIS = YES;
				CLANG_WARN_STRICT_PROTOTYPES = YES;
				CLANG_WARN_SUSPICIOUS_MOVE = YES;
				CLANG_WARN_UNGUARDED_AVAILABILITY = YES_AGGRESSIVE;
				CLANG_WARN_UNREACHABLE_CODE = YES;
				CLANG_WARN__DUPLICATE_METHOD_MATCH = YES;
				COPY_PHASE_STRIP = NO;
				DEBUG_INFORMATION_FORMAT = dwarf;
				ENABLE_STRICT_OBJC_MSGSEND = YES;
				ENABLE_TESTABILITY = YES;
				GCC_C_LANGUAGE_STANDARD = gnu11;
				GCC_DYNAMIC_NO_PIC = NO;
				GCC_NO_COMMON_BLOCKS = YES;
				GCC_OPTIMIZATION_LEVEL = 0;
				GCC_PREPROCESSOR_DEFINITIONS = (
					"DEBUG=1",
					"$(inherited)",
				);
				GCC_WARN_64_TO_32_BIT_CONVERSION = YES;
				GCC_WARN_ABOUT_RETURN_TYPE = YES_ERROR;
				GCC_WARN_UNDECLARED_SELECTOR = YES;
				GCC_WARN_UNINITIALIZED_AUTOS = YES_AGGRESSIVE;
				GCC_WARN_UNUSED_FUNCTION = YES;
				GCC_WARN_UNUSED_VARIABLE = YES;
				IPHONEOS_DEPLOYMENT_TARGET = 15.4;
				MTL_ENABLE_DEBUG_INFO = INCLUDE_SOURCE;
				MTL_FAST_MATH = YES;
				ONLY_ACTIVE_ARCH = YES;
				SDKROOT = iphoneos;
				SWIFT_ACTIVE_COMPILATION_CONDITIONS = DEBUG;
				SWIFT_OPTIMIZATION_LEVEL = "-Onone";
			};
			name = Debug;
		};
		F6C33B9127F8F2C200C010EB /* Release */ = {
			isa = XCBuildConfiguration;
			buildSettings = {
				ALWAYS_SEARCH_USER_PATHS = NO;
				CLANG_ANALYZER_NONNULL = YES;
				CLANG_ANALYZER_NUMBER_OBJECT_CONVERSION = YES_AGGRESSIVE;
				CLANG_CXX_LANGUAGE_STANDARD = "gnu++17";
				CLANG_ENABLE_MODULES = YES;
				CLANG_ENABLE_OBJC_ARC = YES;
				CLANG_ENABLE_OBJC_WEAK = YES;
				CLANG_WARN_BLOCK_CAPTURE_AUTORELEASING = YES;
				CLANG_WARN_BOOL_CONVERSION = YES;
				CLANG_WARN_COMMA = YES;
				CLANG_WARN_CONSTANT_CONVERSION = YES;
				CLANG_WARN_DEPRECATED_OBJC_IMPLEMENTATIONS = YES;
				CLANG_WARN_DIRECT_OBJC_ISA_USAGE = YES_ERROR;
				CLANG_WARN_DOCUMENTATION_COMMENTS = YES;
				CLANG_WARN_EMPTY_BODY = YES;
				CLANG_WARN_ENUM_CONVERSION = YES;
				CLANG_WARN_INFINITE_RECURSION = YES;
				CLANG_WARN_INT_CONVERSION = YES;
				CLANG_WARN_NON_LITERAL_NULL_CONVERSION = YES;
				CLANG_WARN_OBJC_IMPLICIT_RETAIN_SELF = YES;
				CLANG_WARN_OBJC_LITERAL_CONVERSION = YES;
				CLANG_WARN_OBJC_ROOT_CLASS = YES_ERROR;
				CLANG_WARN_QUOTED_INCLUDE_IN_FRAMEWORK_HEADER = YES;
				CLANG_WARN_RANGE_LOOP_ANALYSIS = YES;
				CLANG_WARN_STRICT_PROTOTYPES = YES;
				CLANG_WARN_SUSPICIOUS_MOVE = YES;
				CLANG_WARN_UNGUARDED_AVAILABILITY = YES_AGGRESSIVE;
				CLANG_WARN_UNREACHABLE_CODE = YES;
				CLANG_WARN__DUPLICATE_METHOD_MATCH = YES;
				COPY_PHASE_STRIP = NO;
				DEBUG_INFORMATION_FORMAT = "dwarf-with-dsym";
				ENABLE_NS_ASSERTIONS = NO;
				ENABLE_STRICT_OBJC_MSGSEND = YES;
				GCC_C_LANGUAGE_STANDARD = gnu11;
				GCC_NO_COMMON_BLOCKS = YES;
				GCC_WARN_64_TO_32_BIT_CONVERSION = YES;
				GCC_WARN_ABOUT_RETURN_TYPE = YES_ERROR;
				GCC_WARN_UNDECLARED_SELECTOR = YES;
				GCC_WARN_UNINITIALIZED_AUTOS = YES_AGGRESSIVE;
				GCC_WARN_UNUSED_FUNCTION = YES;
				GCC_WARN_UNUSED_VARIABLE = YES;
				IPHONEOS_DEPLOYMENT_TARGET = 15.4;
				MTL_ENABLE_DEBUG_INFO = NO;
				MTL_FAST_MATH = YES;
				SDKROOT = iphoneos;
				SWIFT_COMPILATION_MODE = wholemodule;
				SWIFT_OPTIMIZATION_LEVEL = "-O";
				VALIDATE_PRODUCT = YES;
			};
			name = Release;
		};
		F6C33B9327F8F2C200C010EB /* Debug */ = {
			isa = XCBuildConfiguration;
			buildSettings = {
				ASSETCATALOG_COMPILER_APPICON_NAME = AppIcon;
				ASSETCATALOG_COMPILER_GLOBAL_ACCENT_COLOR_NAME = AccentColor;
				CODE_SIGN_STYLE = Automatic;
				CURRENT_PROJECT_VERSION = 1;
				DEVELOPMENT_ASSET_PATHS = "\"TaskDemoFirebase/Preview Content\"";
				DEVELOPMENT_TEAM = 8LYTF5ZZWZ;
				ENABLE_PREVIEWS = YES;
				GENERATE_INFOPLIST_FILE = YES;
				INFOPLIST_KEY_UIApplicationSceneManifest_Generation = YES;
				INFOPLIST_KEY_UIApplicationSupportsIndirectInputEvents = YES;
				INFOPLIST_KEY_UILaunchScreen_Generation = YES;
				INFOPLIST_KEY_UISupportedInterfaceOrientations_iPad = "UIInterfaceOrientationPortrait UIInterfaceOrientationPortraitUpsideDown UIInterfaceOrientationLandscapeLeft UIInterfaceOrientationLandscapeRight";
				INFOPLIST_KEY_UISupportedInterfaceOrientations_iPhone = "UIInterfaceOrientationPortrait UIInterfaceOrientationLandscapeLeft UIInterfaceOrientationLandscapeRight";
				LD_RUNPATH_SEARCH_PATHS = (
					"$(inherited)",
					"@executable_path/Frameworks",
				);
				MARKETING_VERSION = 1.0;
				PRODUCT_BUNDLE_IDENTIFIER = com.bhico.TaskDemoFirebase;
				PRODUCT_NAME = "$(TARGET_NAME)";
				SWIFT_EMIT_LOC_STRINGS = YES;
				SWIFT_VERSION = 5.0;
				TARGETED_DEVICE_FAMILY = "1,2";
			};
			name = Debug;
		};
		F6C33B9427F8F2C200C010EB /* Release */ = {
			isa = XCBuildConfiguration;
			buildSettings = {
				ASSETCATALOG_COMPILER_APPICON_NAME = AppIcon;
				ASSETCATALOG_COMPILER_GLOBAL_ACCENT_COLOR_NAME = AccentColor;
				CODE_SIGN_STYLE = Automatic;
				CURRENT_PROJECT_VERSION = 1;
				DEVELOPMENT_ASSET_PATHS = "\"TaskDemoFirebase/Preview Content\"";
				DEVELOPMENT_TEAM = 8LYTF5ZZWZ;
				ENABLE_PREVIEWS = YES;
				GENERATE_INFOPLIST_FILE = YES;
				INFOPLIST_KEY_UIApplicationSceneManifest_Generation = YES;
				INFOPLIST_KEY_UIApplicationSupportsIndirectInputEvents = YES;
				INFOPLIST_KEY_UILaunchScreen_Generation = YES;
				INFOPLIST_KEY_UISupportedInterfaceOrientations_iPad = "UIInterfaceOrientationPortrait UIInterfaceOrientationPortraitUpsideDown UIInterfaceOrientationLandscapeLeft UIInterfaceOrientationLandscapeRight";
				INFOPLIST_KEY_UISupportedInterfaceOrientations_iPhone = "UIInterfaceOrientationPortrait UIInterfaceOrientationLandscapeLeft UIInterfaceOrientationLandscapeRight";
				LD_RUNPATH_SEARCH_PATHS = (
					"$(inherited)",
					"@executable_path/Frameworks",
				);
				MARKETING_VERSION = 1.0;
				PRODUCT_BUNDLE_IDENTIFIER = com.bhico.TaskDemoFirebase;
				PRODUCT_NAME = "$(TARGET_NAME)";
				SWIFT_EMIT_LOC_STRINGS = YES;
				SWIFT_VERSION = 5.0;
				TARGETED_DEVICE_FAMILY = "1,2";
			};
			name = Release;
		};
/* End XCBuildConfiguration section */

/* Begin XCConfigurationList section */
		F6C33B7F27F8F2C000C010EB /* Build configuration list for PBXProject "TaskDemoFirebase" */ = {
			isa = XCConfigurationList;
			buildConfigurations = (
				F6C33B9027F8F2C200C010EB /* Debug */,
				F6C33B9127F8F2C200C010EB /* Release */,
			);
			defaultConfigurationIsVisible = 0;
			defaultConfigurationName = Release;
		};
		F6C33B9227F8F2C200C010EB /* Build configuration list for PBXNativeTarget "TaskDemoFirebase" */ = {
			isa = XCConfigurationList;
			buildConfigurations = (
				F6C33B9327F8F2C200C010EB /* Debug */,
				F6C33B9427F8F2C200C010EB /* Release */,
			);
			defaultConfigurationIsVisible = 0;
			defaultConfigurationName = Release;
		};
/* End XCConfigurationList section */
	};
	rootObject = F6C33B7C27F8F2C000C010EB /* Project object */;
}
